
Microsoft Visual Studio Solution File, Format Version 12.00
# Visual Studio Version 17
VisualStudioVersion = 17.0.31903.59
MinimumVisualStudioVersion = 10.0.40219.1
Project("{FAE04EC0-301F-11D3-BF4B-00C04F79EFBC}") = "SpaceBattle.Lib", "SpaceBattle.Lib\SpaceBattle.Lib.csproj", "{B208204C-3FD3-4711-9C4D-769A5938D151}"
EndProject
Project("{FAE04EC0-301F-11D3-BF4B-00C04F79EFBC}") = "SpaceBattle.Lib.Test", "SpaceBattle.Lib.Test\SpaceBattle.Lib.Test.csproj", "{6296F00E-7332-41F5-A5A3-C6D2CADFE34B}"
EndProject
Global
	GlobalSection(SolutionConfigurationPlatforms) = preSolution
		Debug|Any CPU = Debug|Any CPU
		Release|Any CPU = Release|Any CPU
	EndGlobalSection
	GlobalSection(SolutionProperties) = preSolution
		HideSolutionNode = FALSE
	EndGlobalSection
	GlobalSection(ProjectConfigurationPlatforms) = postSolution
		{B208204C-3FD3-4711-9C4D-769A5938D151}.Debug|Any CPU.ActiveCfg = Debug|Any CPU
		{B208204C-3FD3-4711-9C4D-769A5938D151}.Debug|Any CPU.Build.0 = Debug|Any CPU
		{B208204C-3FD3-4711-9C4D-769A5938D151}.Release|Any CPU.ActiveCfg = Release|Any CPU
		{B208204C-3FD3-4711-9C4D-769A5938D151}.Release|Any CPU.Build.0 = Release|Any CPU
		{6296F00E-7332-41F5-A5A3-C6D2CADFE34B}.Debug|Any CPU.ActiveCfg = Debug|Any CPU
		{6296F00E-7332-41F5-A5A3-C6D2CADFE34B}.Debug|Any CPU.Build.0 = Debug|Any CPU
		{6296F00E-7332-41F5-A5A3-C6D2CADFE34B}.Release|Any CPU.ActiveCfg = Release|Any CPU
		{6296F00E-7332-41F5-A5A3-C6D2CADFE34B}.Release|Any CPU.Build.0 = Release|Any CPU
	EndGlobalSection
EndGlobal
